{
    "_meta": {
        "hash": {
            "sha256": "b89349d4933fc10de35e7613468dfc1ccb3ba3f3cee9934c9df0d82c820c9067"
        },
        "requires": {},
        "sources": [
            {
                "url": "https://pypi.python.org/simple",
                "verify_ssl": true
            }
        ]
    },
    "default": {
        "django": {
            "version": "==1.11.7"
        },
        "pytz": {
            "version": "==2017.3"
        }
    },
    "develop": {}
}
