{
    "_meta": {
        "hash": {
            "sha256": "246dd40b4fc9b5642bc0827969bf5ade5446adc6a59c6cac2c2fabbb35e9ea98"
        },
        "requires": {
            "python_version": "3.6"
        },
        "sources": [
            {
                "url": "https://pypi.python.org/simple",
                "verify_ssl": true
            }
        ]
    },
    "default": {
        "django": {
            "version": "==1.11.8"
        },
        "pytz": {
            "version": "==2017.3"
        }
    },
    "develop": {
        "apipkg": {
            "version": "==1.4"
        },
        "attrs": {
            "version": "==17.3.0"
        },
        "certifi": {
            "version": "==2017.11.5"
        },
        "chardet": {
            "version": "==3.0.4"
        },
        "coverage": {
            "version": "==4.4.2"
        },
        "coveralls": {
            "version": "==1.2.0"
        },
        "docopt": {
            "version": "==0.6.2"
        },
        "execnet": {
            "version": "==1.5.0"
        },
        "idna": {
            "version": "==2.6"
        },
        "pep8": {
            "version": "==1.7.1"
        },
        "pluggy": {
            "version": "==0.6.0"
        },
        "py": {
            "version": "==1.5.2"
        },
        "pytest": {
            "version": "==3.3.1"
        },
        "pytest-cache": {
            "version": "==1.0"
        },
        "pytest-cov": {
            "version": "==2.5.1"
        },
        "pytest-django": {
            "version": "==3.1.2"
        },
        "pytest-pep8": {
            "version": "==1.0.6"
        },
        "requests": {
            "version": "==2.18.4"
        },
        "setuptools": {
            "version": "==38.2.4"
        },
        "six": {
            "version": "==1.11.0"
        },
        "urllib3": {
            "version": "==1.22"
        }
    }
}
